
Microsoft Visual Studio Solution File, Format Version 12.00
# Visual Studio Version 16
VisualStudioVersion = 16.0.32002.261
MinimumVisualStudioVersion = 10.0.40219.1
Project("{FAE04EC0-301F-11D3-BF4B-00C04F79EFBC}") = "MarsRobot", "MarsRobot\MarsRobot.csproj", "{A73847B8-435F-4EFA-B3DD-AB0B5C387593}"
EndProject
Global
	GlobalSection(SolutionConfigurationPlatforms) = preSolution
		Debug|Any CPU = Debug|Any CPU
		Release|Any CPU = Release|Any CPU
	EndGlobalSection
	GlobalSection(ProjectConfigurationPlatforms) = postSolution
		{A73847B8-435F-4EFA-B3DD-AB0B5C387593}.Debug|Any CPU.ActiveCfg = Debug|Any CPU
		{A73847B8-435F-4EFA-B3DD-AB0B5C387593}.Debug|Any CPU.Build.0 = Debug|Any CPU
		{A73847B8-435F-4EFA-B3DD-AB0B5C387593}.Release|Any CPU.ActiveCfg = Release|Any CPU
		{A73847B8-435F-4EFA-B3DD-AB0B5C387593}.Release|Any CPU.Build.0 = Release|Any CPU
	EndGlobalSection
	GlobalSection(SolutionProperties) = preSolution
		HideSolutionNode = FALSE
	EndGlobalSection
	GlobalSection(ExtensibilityGlobals) = postSolution
		SolutionGuid = {00AF0F69-1E25-4423-ACAF-39EA21277B40}
	EndGlobalSection
EndGlobal
